
Microsoft Visual Studio Solution File, Format Version 12.00
# Visual Studio Version 17
VisualStudioVersion = 17.4.33122.133
MinimumVisualStudioVersion = 10.0.40219.1
Project("{9A19103F-16F7-4668-BE54-9A1E7A4F7556}") = "SampleWindowsAppliation", "SampleWindowsAppliation\SampleWindowsAppliation.csproj", "{6508D6E8-D6D6-4B79-9649-CF940CC28A0C}"
EndProject
Project("{9A19103F-16F7-4668-BE54-9A1E7A4F7556}") = "OBSClient", "OBSClient\OBSClient.csproj", "{55595D94-3BB4-4286-A47C-2733DE06A385}"
EndProject
Project("{2150E333-8FDC-42A3-9474-1A3956D46DE8}") = "Solution Items", "Solution Items", "{5DD71475-6294-4AAE-A562-235364D6EBD3}"
	ProjectSection(SolutionItems) = preProject
		.editorconfig = .editorconfig
		README.md = README.md
	EndProjectSection
EndProject
Global
	GlobalSection(SolutionConfigurationPlatforms) = preSolution
		Debug|Any CPU = Debug|Any CPU
		Release|Any CPU = Release|Any CPU
	EndGlobalSection
	GlobalSection(ProjectConfigurationPlatforms) = postSolution
		{6508D6E8-D6D6-4B79-9649-CF940CC28A0C}.Debug|Any CPU.ActiveCfg = Debug|Any CPU
		{6508D6E8-D6D6-4B79-9649-CF940CC28A0C}.Debug|Any CPU.Build.0 = Debug|Any CPU
		{6508D6E8-D6D6-4B79-9649-CF940CC28A0C}.Release|Any CPU.ActiveCfg = Release|Any CPU
		{6508D6E8-D6D6-4B79-9649-CF940CC28A0C}.Release|Any CPU.Build.0 = Release|Any CPU
		{55595D94-3BB4-4286-A47C-2733DE06A385}.Debug|Any CPU.ActiveCfg = Debug|Any CPU
		{55595D94-3BB4-4286-A47C-2733DE06A385}.Debug|Any CPU.Build.0 = Debug|Any CPU
		{55595D94-3BB4-4286-A47C-2733DE06A385}.Release|Any CPU.ActiveCfg = Release|Any CPU
		{55595D94-3BB4-4286-A47C-2733DE06A385}.Release|Any CPU.Build.0 = Release|Any CPU
	EndGlobalSection
	GlobalSection(SolutionProperties) = preSolution
		HideSolutionNode = FALSE
	EndGlobalSection
	GlobalSection(ExtensibilityGlobals) = postSolution
		SolutionGuid = {0137BC22-DBE5-4CE7-A79A-D6366373093C}
	EndGlobalSection
EndGlobal
